{
  "name": "meridian-attestor",
  "version": "1.0.0",
  "lockfileVersion": 3,
  "requires": true,
  "packages": {
    "": {
      "name": "meridian-attestor",
      "version": "1.0.0",
      "dependencies": {
        "@noble/curves": "1.8.1",
        "@noble/hashes": "1.7.1",
        "@phala/dstack-sdk": "0.5.8"
      },
      "engines": {
        "node": ">=22"
      }
    },
    "node_modules/@noble/curves": {
      "version": "1.8.1",
      "resolved": "https://registry.npmjs.org/@noble/curves/-/curves-1.8.1.tgz",
      "integrity": "sha512-warwspo+UYUPep0Q+vtdVB4Ugn8GGQj8iyB3gnRWsztmUHTI3S1nhdiWNsPUGL0vud7JlRRk1XEu7Lq1KGTnMQ==",
      "license": "MIT",
      "dependencies": {
        "@noble/hashes": "1.7.1"
      },
      "engines": {
        "node": "^14.21.3 || >=16"
      },
      "funding": {
        "url": "https://paulmillr.com/funding/"
      }
    },
    "node_modules/@noble/hashes": {
      "version": "1.7.1",
      "resolved": "https://registry.npmjs.org/@noble/hashes/-/hashes-1.7.1.tgz",
      "integrity": "sha512-B8XBPsn4vT/KJAGqDzbwztd+6Yte3P4V7iafm24bxgDe/mlRuK6xmWPuCNrKt2vDafZ8MfJLlchDG/vYafQEjQ==",
      "license": "MIT",
      "engines": {
        "node": "^14.21.3 || >=16"
      },
      "funding": {
        "url": "https://paulmillr.com/funding/"
      }
    },
    "node_modules/@phala/dstack-sdk": {
      "version": "0.5.8",
      "resolved": "https://registry.npmjs.org/@phala/dstack-sdk/-/dstack-sdk-0.5.8.tgz",
      "integrity": "sha512-VANlyo0Jj6pxmJl3zksHJ4/5y3VflApVmgsfcfmokk3KYKRBkW5oMkexBTR6lZaGVPOqJ48QGOLP/7CF3IEvFg==",
      "license": "Apache-2.0",
      "engines": {
        "node": ">=18.0.0"
      },
      "peerDependencies": {
        "@noble/curves": "^1.8.1",
        "@noble/hashes": "^1.6.1",
        "@solana/web3.js": "^1.98.4",
        "viem": "^2.43.3"
      },
      "peerDependenciesMeta": {
        "@noble/curves": {
          "optional": true
        },
        "@solana/web3.js": {
          "optional": true
        },
        "viem": {
          "optional": true
        }
      }
    }
  }
}
