{
  "name": "meridian-attestor",
  "version": "1.0.0",
  "lockfileVersion": 3,
  "requires": true,
  "packages": {
    "": {
      "name": "meridian-attestor",
      "version": "1.0.0",
      "dependencies": {
        "@noble/ciphers": "1.2.1",
        "@noble/curves": "1.8.2",
        "@noble/hashes": "1.7.2",
        "@phala/dstack-sdk": "0.5.8"
      },
      "engines": {
        "node": ">=22"
      }
    },
    "node_modules/@noble/ciphers": {
      "version": "1.2.1",
      "resolved": "https://registry.npmjs.org/@noble/ciphers/-/ciphers-1.2.1.tgz",
      "integrity": "sha512-rONPWMC7PeExE077uLE4oqWrZ1IvAfz3oH9LibVAcVCopJiA9R62uavnbEzdkVmJYI6M6Zgkbeb07+tWjlq2XA==",
      "license": "MIT",
      "engines": {
        "node": "^14.21.3 || >=16"
      },
      "funding": {
        "url": "https://paulmillr.com/funding/"
      }
    },
    "node_modules/@noble/curves": {
      "version": "1.8.2",
      "resolved": "https://registry.npmjs.org/@noble/curves/-/curves-1.8.2.tgz",
      "integrity": "sha512-vnI7V6lFNe0tLAuJMu+2sX+FcL14TaCWy1qiczg1VwRmPrpQCdq5ESXQMqUc2tluRNf6irBXrWbl1mGN8uaU/g==",
      "license": "MIT",
      "dependencies": {
        "@noble/hashes": "1.7.2"
      },
      "engines": {
        "node": "^14.21.3 || >=16"
      },
      "funding": {
        "url": "https://paulmillr.com/funding/"
      }
    },
    "node_modules/@noble/hashes": {
      "version": "1.7.2",
      "resolved": "https://registry.npmjs.org/@noble/hashes/-/hashes-1.7.2.tgz",
      "integrity": "sha512-biZ0NUSxyjLLqo6KxEJ1b+C2NAx0wtDoFvCaXHGgUkeHzf3Xc1xKumFKREuT7f7DARNZ/slvYUwFG6B0f2b6hQ==",
      "license": "MIT",
      "engines": {
        "node": "^14.21.3 || >=16"
      },
      "funding": {
        "url": "https://paulmillr.com/funding/"
      }
    },
    "node_modules/@phala/dstack-sdk": {
      "version": "0.5.8",
      "resolved": "https://registry.npmjs.org/@phala/dstack-sdk/-/dstack-sdk-0.5.8.tgz",
      "integrity": "sha512-VANlyo0Jj6pxmJl3zksHJ4/5y3VflApVmgsfcfmokk3KYKRBkW5oMkexBTR6lZaGVPOqJ48QGOLP/7CF3IEvFg==",
      "license": "Apache-2.0",
      "engines": {
        "node": ">=18.0.0"
      },
      "peerDependencies": {
        "@noble/curves": "^1.8.1",
        "@noble/hashes": "^1.6.1",
        "@solana/web3.js": "^1.98.4",
        "viem": "^2.43.3"
      },
      "peerDependenciesMeta": {
        "@noble/curves": {
          "optional": true
        },
        "@solana/web3.js": {
          "optional": true
        },
        "viem": {
          "optional": true
        }
      }
    }
  }
}
